
Microsoft Visual Studio Solution File, Format Version 12.00
# Visual Studio 15
VisualStudioVersion = 15.0.26730.16
MinimumVisualStudioVersion = 10.0.40219.1
Project("{FAE04EC0-301F-11D3-BF4B-00C04F79EFBC}") = "iab330", "iab330\iab330\iab330.csproj", "{92DF85FA-B628-4EBC-AC8F-D9A6EEB78EDB}"
EndProject
Project("{FAE04EC0-301F-11D3-BF4B-00C04F79EFBC}") = "iab330.Android", "iab330\iab330.Android\iab330.Android.csproj", "{DF4680BD-4310-4C48-A5BA-F64A8977D394}"
EndProject
Project("{FAE04EC0-301F-11D3-BF4B-00C04F79EFBC}") = "iab330.iOS", "iab330\iab330.iOS\iab330.iOS.csproj", "{B98B15C4-CA59-4446-AFB0-0DC060D9FF6A}"
EndProject
Project("{FAE04EC0-301F-11D3-BF4B-00C04F79EFBC}") = "iab330.UWP", "iab330\iab330.UWP\iab330.UWP.csproj", "{78BCE445-59B2-4BFA-B2AB-D15E06B6F465}"
EndProject
Project("{FAE04EC0-301F-11D3-BF4B-00C04F79EFBC}") = "iab330.Tests1", "iab330.Tests1\iab330.Tests1.csproj", "{8EDF4429-251A-416D-BB68-93F227191BCF}"
EndProject
Project("{FAE04EC0-301F-11D3-BF4B-00C04F79EFBC}") = "UITest2", "UITest2\UITest2.csproj", "{689BB56D-AD70-4F43-A0C3-BACE4B98CE11}"
EndProject
Global
	GlobalSection(SolutionConfigurationPlatforms) = preSolution
		Debug|Any CPU = Debug|Any CPU
		Debug|ARM = Debug|ARM
		Debug|iPhone = Debug|iPhone
		Debug|iPhoneSimulator = Debug|iPhoneSimulator
		Debug|x64 = Debug|x64
		Debug|x86 = Debug|x86
		Release|Any CPU = Release|Any CPU
		Release|ARM = Release|ARM
		Release|iPhone = Release|iPhone
		Release|iPhoneSimulator = Release|iPhoneSimulator
		Release|x64 = Release|x64
		Release|x86 = Release|x86
	EndGlobalSection
	GlobalSection(ProjectConfigurationPlatforms) = postSolution
		{92DF85FA-B628-4EBC-AC8F-D9A6EEB78EDB}.Debug|Any CPU.ActiveCfg = Debug|Any CPU
		{92DF85FA-B628-4EBC-AC8F-D9A6EEB78EDB}.Debug|Any CPU.Build.0 = Debug|Any CPU
		{92DF85FA-B628-4EBC-AC8F-D9A6EEB78EDB}.Debug|ARM.ActiveCfg = Debug|Any CPU
		{92DF85FA-B628-4EBC-AC8F-D9A6EEB78EDB}.Debug|ARM.Build.0 = Debug|Any CPU
		{92DF85FA-B628-4EBC-AC8F-D9A6EEB78EDB}.Debug|iPhone.ActiveCfg = Debug|Any CPU
		{92DF85FA-B628-4EBC-AC8F-D9A6EEB78EDB}.Debug|iPhone.Build.0 = Debug|Any CPU
		{92DF85FA-B628-4EBC-AC8F-D9A6EEB78EDB}.Debug|iPhoneSimulator.ActiveCfg = Debug|Any CPU
		{92DF85FA-B628-4EBC-AC8F-D9A6EEB78EDB}.Debug|iPhoneSimulator.Build.0 = Debug|Any CPU
		{92DF85FA-B628-4EBC-AC8F-D9A6EEB78EDB}.Debug|x64.ActiveCfg = Debug|Any CPU
		{92DF85FA-B628-4EBC-AC8F-D9A6EEB78EDB}.Debug|x64.Build.0 = Debug|Any CPU
		{92DF85FA-B628-4EBC-AC8F-D9A6EEB78EDB}.Debug|x86.ActiveCfg = Debug|Any CPU
		{92DF85FA-B628-4EBC-AC8F-D9A6EEB78EDB}.Debug|x86.Build.0 = Debug|Any CPU
		{92DF85FA-B628-4EBC-AC8F-D9A6EEB78EDB}.Release|Any CPU.ActiveCfg = Release|Any CPU
		{92DF85FA-B628-4EBC-AC8F-D9A6EEB78EDB}.Release|Any CPU.Build.0 = Release|Any CPU
		{92DF85FA-B628-4EBC-AC8F-D9A6EEB78EDB}.Release|ARM.ActiveCfg = Release|Any CPU
		{92DF85FA-B628-4EBC-AC8F-D9A6EEB78EDB}.Release|ARM.Build.0 = Release|Any CPU
		{92DF85FA-B628-4EBC-AC8F-D9A6EEB78EDB}.Release|iPhone.ActiveCfg = Release|Any CPU
		{92DF85FA-B628-4EBC-AC8F-D9A6EEB78EDB}.Release|iPhone.Build.0 = Release|Any CPU
		{92DF85FA-B628-4EBC-AC8F-D9A6EEB78EDB}.Release|iPhoneSimulator.ActiveCfg = Release|Any CPU
		{92DF85FA-B628-4EBC-AC8F-D9A6EEB78EDB}.Release|iPhoneSimulator.Build.0 = Release|Any CPU
		{92DF85FA-B628-4EBC-AC8F-D9A6EEB78EDB}.Release|x64.ActiveCfg = Release|Any CPU
		{92DF85FA-B628-4EBC-AC8F-D9A6EEB78EDB}.Release|x64.Build.0 = Release|Any CPU
		{92DF85FA-B628-4EBC-AC8F-D9A6EEB78EDB}.Release|x86.ActiveCfg = Release|Any CPU
		{92DF85FA-B628-4EBC-AC8F-D9A6EEB78EDB}.Release|x86.Build.0 = Release|Any CPU
		{DF4680BD-4310-4C48-A5BA-F64A8977D394}.Debug|Any CPU.ActiveCfg = Debug|Any CPU
		{DF4680BD-4310-4C48-A5BA-F64A8977D394}.Debug|Any CPU.Build.0 = Debug|Any CPU
		{DF4680BD-4310-4C48-A5BA-F64A8977D394}.Debug|Any CPU.Deploy.0 = Debug|Any CPU
		{DF4680BD-4310-4C48-A5BA-F64A8977D394}.Debug|ARM.ActiveCfg = Debug|Any CPU
		{DF4680BD-4310-4C48-A5BA-F64A8977D394}.Debug|ARM.Build.0 = Debug|Any CPU
		{DF4680BD-4310-4C48-A5BA-F64A8977D394}.Debug|ARM.Deploy.0 = Debug|Any CPU
		{DF4680BD-4310-4C48-A5BA-F64A8977D394}.Debug|iPhone.ActiveCfg = Debug|Any CPU
		{DF4680BD-4310-4C48-A5BA-F64A8977D394}.Debug|iPhone.Build.0 = Debug|Any CPU
		{DF4680BD-4310-4C48-A5BA-F64A8977D394}.Debug|iPhone.Deploy.0 = Debug|Any CPU
		{DF4680BD-4310-4C48-A5BA-F64A8977D394}.Debug|iPhoneSimulator.ActiveCfg = Debug|Any CPU
		{DF4680BD-4310-4C48-A5BA-F64A8977D394}.Debug|iPhoneSimulator.Build.0 = Debug|Any CPU
		{DF4680BD-4310-4C48-A5BA-F64A8977D394}.Debug|iPhoneSimulator.Deploy.0 = Debug|Any CPU
		{DF4680BD-4310-4C48-A5BA-F64A8977D394}.Debug|x64.ActiveCfg = Debug|Any CPU
		{DF4680BD-4310-4C48-A5BA-F64A8977D394}.Debug|x64.Build.0 = Debug|Any CPU
		{DF4680BD-4310-4C48-A5BA-F64A8977D394}.Debug|x64.Deploy.0 = Debug|Any CPU
		{DF4680BD-4310-4C48-A5BA-F64A8977D394}.Debug|x86.ActiveCfg = Debug|Any CPU
		{DF4680BD-4310-4C48-A5BA-F64A8977D394}.Debug|x86.Build.0 = Debug|Any CPU
		{DF4680BD-4310-4C48-A5BA-F64A8977D394}.Debug|x86.Deploy.0 = Debug|Any CPU
		{DF4680BD-4310-4C48-A5BA-F64A8977D394}.Release|Any CPU.ActiveCfg = Release|Any CPU
		{DF4680BD-4310-4C48-A5BA-F64A8977D394}.Release|Any CPU.Build.0 = Release|Any CPU
		{DF4680BD-4310-4C48-A5BA-F64A8977D394}.Release|Any CPU.Deploy.0 = Release|Any CPU
		{DF4680BD-4310-4C48-A5BA-F64A8977D394}.Release|ARM.ActiveCfg = Release|Any CPU
		{DF4680BD-4310-4C48-A5BA-F64A8977D394}.Release|ARM.Build.0 = Release|Any CPU
		{DF4680BD-4310-4C48-A5BA-F64A8977D394}.Release|ARM.Deploy.0 = Release|Any CPU
		{DF4680BD-4310-4C48-A5BA-F64A8977D394}.Release|iPhone.ActiveCfg = Release|Any CPU
		{DF4680BD-4310-4C48-A5BA-F64A8977D394}.Release|iPhone.Build.0 = Release|Any CPU
		{DF4680BD-4310-4C48-A5BA-F64A8977D394}.Release|iPhone.Deploy.0 = Release|Any CPU
		{DF4680BD-4310-4C48-A5BA-F64A8977D394}.Release|iPhoneSimulator.ActiveCfg = Release|Any CPU
		{DF4680BD-4310-4C48-A5BA-F64A8977D394}.Release|iPhoneSimulator.Build.0 = Release|Any CPU
		{DF4680BD-4310-4C48-A5BA-F64A8977D394}.Release|iPhoneSimulator.Deploy.0 = Release|Any CPU
		{DF4680BD-4310-4C48-A5BA-F64A8977D394}.Release|x64.ActiveCfg = Release|Any CPU
		{DF4680BD-4310-4C48-A5BA-F64A8977D394}.Release|x64.Build.0 = Release|Any CPU
		{DF4680BD-4310-4C48-A5BA-F64A8977D394}.Release|x64.Deploy.0 = Release|Any CPU
		{DF4680BD-4310-4C48-A5BA-F64A8977D394}.Release|x86.ActiveCfg = Release|Any CPU
		{DF4680BD-4310-4C48-A5BA-F64A8977D394}.Release|x86.Build.0 = Release|Any CPU
		{DF4680BD-4310-4C48-A5BA-F64A8977D394}.Release|x86.Deploy.0 = Release|Any CPU
		{B98B15C4-CA59-4446-AFB0-0DC060D9FF6A}.Debug|Any CPU.ActiveCfg = Debug|iPhone
		{B98B15C4-CA59-4446-AFB0-0DC060D9FF6A}.Debug|ARM.ActiveCfg = Debug|iPhone
		{B98B15C4-CA59-4446-AFB0-0DC060D9FF6A}.Debug|iPhone.ActiveCfg = Debug|iPhone
		{B98B15C4-CA59-4446-AFB0-0DC060D9FF6A}.Debug|iPhone.Build.0 = Debug|iPhone
		{B98B15C4-CA59-4446-AFB0-0DC060D9FF6A}.Debug|iPhoneSimulator.ActiveCfg = Debug|iPhoneSimulator
		{B98B15C4-CA59-4446-AFB0-0DC060D9FF6A}.Debug|iPhoneSimulator.Build.0 = Debug|iPhoneSimulator
		{B98B15C4-CA59-4446-AFB0-0DC060D9FF6A}.Debug|x64.ActiveCfg = Debug|iPhone
		{B98B15C4-CA59-4446-AFB0-0DC060D9FF6A}.Debug|x86.ActiveCfg = Debug|iPhone
		{B98B15C4-CA59-4446-AFB0-0DC060D9FF6A}.Release|Any CPU.ActiveCfg = Release|iPhone
		{B98B15C4-CA59-4446-AFB0-0DC060D9FF6A}.Release|ARM.ActiveCfg = Release|iPhone
		{B98B15C4-CA59-4446-AFB0-0DC060D9FF6A}.Release|iPhone.ActiveCfg = Release|iPhone
		{B98B15C4-CA59-4446-AFB0-0DC060D9FF6A}.Release|iPhone.Build.0 = Release|iPhone
		{B98B15C4-CA59-4446-AFB0-0DC060D9FF6A}.Release|iPhoneSimulator.ActiveCfg = Release|iPhoneSimulator
		{B98B15C4-CA59-4446-AFB0-0DC060D9FF6A}.Release|iPhoneSimulator.Build.0 = Release|iPhoneSimulator
		{B98B15C4-CA59-4446-AFB0-0DC060D9FF6A}.Release|x64.ActiveCfg = Release|iPhone
		{B98B15C4-CA59-4446-AFB0-0DC060D9FF6A}.Release|x86.ActiveCfg = Release|iPhone
		{78BCE445-59B2-4BFA-B2AB-D15E06B6F465}.Debug|Any CPU.ActiveCfg = Debug|x86
		{78BCE445-59B2-4BFA-B2AB-D15E06B6F465}.Debug|ARM.ActiveCfg = Debug|ARM
		{78BCE445-59B2-4BFA-B2AB-D15E06B6F465}.Debug|ARM.Build.0 = Debug|ARM
		{78BCE445-59B2-4BFA-B2AB-D15E06B6F465}.Debug|ARM.Deploy.0 = Debug|ARM
		{78BCE445-59B2-4BFA-B2AB-D15E06B6F465}.Debug|iPhone.ActiveCfg = Debug|x86
		{78BCE445-59B2-4BFA-B2AB-D15E06B6F465}.Debug|iPhoneSimulator.ActiveCfg = Debug|x86
		{78BCE445-59B2-4BFA-B2AB-D15E06B6F465}.Debug|x64.ActiveCfg = Debug|x64
		{78BCE445-59B2-4BFA-B2AB-D15E06B6F465}.Debug|x64.Build.0 = Debug|x64
		{78BCE445-59B2-4BFA-B2AB-D15E06B6F465}.Debug|x64.Deploy.0 = Debug|x64
		{78BCE445-59B2-4BFA-B2AB-D15E06B6F465}.Debug|x86.ActiveCfg = Debug|x86
		{78BCE445-59B2-4BFA-B2AB-D15E06B6F465}.Debug|x86.Build.0 = Debug|x86
		{78BCE445-59B2-4BFA-B2AB-D15E06B6F465}.Debug|x86.Deploy.0 = Debug|x86
		{78BCE445-59B2-4BFA-B2AB-D15E06B6F465}.Release|Any CPU.ActiveCfg = Release|x86
		{78BCE445-59B2-4BFA-B2AB-D15E06B6F465}.Release|ARM.ActiveCfg = Release|ARM
		{78BCE445-59B2-4BFA-B2AB-D15E06B6F465}.Release|ARM.Build.0 = Release|ARM
		{78BCE445-59B2-4BFA-B2AB-D15E06B6F465}.Release|ARM.Deploy.0 = Release|ARM
		{78BCE445-59B2-4BFA-B2AB-D15E06B6F465}.Release|iPhone.ActiveCfg = Release|x86
		{78BCE445-59B2-4BFA-B2AB-D15E06B6F465}.Release|iPhoneSimulator.ActiveCfg = Release|x86
		{78BCE445-59B2-4BFA-B2AB-D15E06B6F465}.Release|x64.ActiveCfg = Release|x64
		{78BCE445-59B2-4BFA-B2AB-D15E06B6F465}.Release|x64.Build.0 = Release|x64
		{78BCE445-59B2-4BFA-B2AB-D15E06B6F465}.Release|x64.Deploy.0 = Release|x64
		{78BCE445-59B2-4BFA-B2AB-D15E06B6F465}.Release|x86.ActiveCfg = Release|x86
		{78BCE445-59B2-4BFA-B2AB-D15E06B6F465}.Release|x86.Build.0 = Release|x86
		{78BCE445-59B2-4BFA-B2AB-D15E06B6F465}.Release|x86.Deploy.0 = Release|x86
		{8EDF4429-251A-416D-BB68-93F227191BCF}.Debug|Any CPU.ActiveCfg = Debug|Any CPU
		{8EDF4429-251A-416D-BB68-93F227191BCF}.Debug|Any CPU.Build.0 = Debug|Any CPU
		{8EDF4429-251A-416D-BB68-93F227191BCF}.Debug|ARM.ActiveCfg = Debug|Any CPU
		{8EDF4429-251A-416D-BB68-93F227191BCF}.Debug|ARM.Build.0 = Debug|Any CPU
		{8EDF4429-251A-416D-BB68-93F227191BCF}.Debug|iPhone.ActiveCfg = Debug|Any CPU
		{8EDF4429-251A-416D-BB68-93F227191BCF}.Debug|iPhone.Build.0 = Debug|Any CPU
		{8EDF4429-251A-416D-BB68-93F227191BCF}.Debug|iPhoneSimulator.ActiveCfg = Debug|Any CPU
		{8EDF4429-251A-416D-BB68-93F227191BCF}.Debug|iPhoneSimulator.Build.0 = Debug|Any CPU
		{8EDF4429-251A-416D-BB68-93F227191BCF}.Debug|x64.ActiveCfg = Debug|Any CPU
		{8EDF4429-251A-416D-BB68-93F227191BCF}.Debug|x64.Build.0 = Debug|Any CPU
		{8EDF4429-251A-416D-BB68-93F227191BCF}.Debug|x86.ActiveCfg = Debug|Any CPU
		{8EDF4429-251A-416D-BB68-93F227191BCF}.Debug|x86.Build.0 = Debug|Any CPU
		{8EDF4429-251A-416D-BB68-93F227191BCF}.Release|Any CPU.ActiveCfg = Release|Any CPU
		{8EDF4429-251A-416D-BB68-93F227191BCF}.Release|Any CPU.Build.0 = Release|Any CPU
		{8EDF4429-251A-416D-BB68-93F227191BCF}.Release|ARM.ActiveCfg = Release|Any CPU
		{8EDF4429-251A-416D-BB68-93F227191BCF}.Release|ARM.Build.0 = Release|Any CPU
		{8EDF4429-251A-416D-BB68-93F227191BCF}.Release|iPhone.ActiveCfg = Release|Any CPU
		{8EDF4429-251A-416D-BB68-93F227191BCF}.Release|iPhone.Build.0 = Release|Any CPU
		{8EDF4429-251A-416D-BB68-93F227191BCF}.Release|iPhoneSimulator.ActiveCfg = Release|Any CPU
		{8EDF4429-251A-416D-BB68-93F227191BCF}.Release|iPhoneSimulator.Build.0 = Release|Any CPU
		{8EDF4429-251A-416D-BB68-93F227191BCF}.Release|x64.ActiveCfg = Release|Any CPU
		{8EDF4429-251A-416D-BB68-93F227191BCF}.Release|x64.Build.0 = Release|Any CPU
		{8EDF4429-251A-416D-BB68-93F227191BCF}.Release|x86.ActiveCfg = Release|Any CPU
		{8EDF4429-251A-416D-BB68-93F227191BCF}.Release|x86.Build.0 = Release|Any CPU
		{689BB56D-AD70-4F43-A0C3-BACE4B98CE11}.Debug|Any CPU.ActiveCfg = Debug|Any CPU
		{689BB56D-AD70-4F43-A0C3-BACE4B98CE11}.Debug|Any CPU.Build.0 = Debug|Any CPU
		{689BB56D-AD70-4F43-A0C3-BACE4B98CE11}.Debug|ARM.ActiveCfg = Debug|Any CPU
		{689BB56D-AD70-4F43-A0C3-BACE4B98CE11}.Debug|ARM.Build.0 = Debug|Any CPU
		{689BB56D-AD70-4F43-A0C3-BACE4B98CE11}.Debug|iPhone.ActiveCfg = Debug|Any CPU
		{689BB56D-AD70-4F43-A0C3-BACE4B98CE11}.Debug|iPhone.Build.0 = Debug|Any CPU
		{689BB56D-AD70-4F43-A0C3-BACE4B98CE11}.Debug|iPhoneSimulator.ActiveCfg = Debug|Any CPU
		{689BB56D-AD70-4F43-A0C3-BACE4B98CE11}.Debug|iPhoneSimulator.Build.0 = Debug|Any CPU
		{689BB56D-AD70-4F43-A0C3-BACE4B98CE11}.Debug|x64.ActiveCfg = Debug|Any CPU
		{689BB56D-AD70-4F43-A0C3-BACE4B98CE11}.Debug|x64.Build.0 = Debug|Any CPU
		{689BB56D-AD70-4F43-A0C3-BACE4B98CE11}.Debug|x86.ActiveCfg = Debug|Any CPU
		{689BB56D-AD70-4F43-A0C3-BACE4B98CE11}.Debug|x86.Build.0 = Debug|Any CPU
		{689BB56D-AD70-4F43-A0C3-BACE4B98CE11}.Release|Any CPU.ActiveCfg = Release|Any CPU
		{689BB56D-AD70-4F43-A0C3-BACE4B98CE11}.Release|Any CPU.Build.0 = Release|Any CPU
		{689BB56D-AD70-4F43-A0C3-BACE4B98CE11}.Release|ARM.ActiveCfg = Release|Any CPU
		{689BB56D-AD70-4F43-A0C3-BACE4B98CE11}.Release|ARM.Build.0 = Release|Any CPU
		{689BB56D-AD70-4F43-A0C3-BACE4B98CE11}.Release|iPhone.ActiveCfg = Release|Any CPU
		{689BB56D-AD70-4F43-A0C3-BACE4B98CE11}.Release|iPhone.Build.0 = Release|Any CPU
		{689BB56D-AD70-4F43-A0C3-BACE4B98CE11}.Release|iPhoneSimulator.ActiveCfg = Release|Any CPU
		{689BB56D-AD70-4F43-A0C3-BACE4B98CE11}.Release|iPhoneSimulator.Build.0 = Release|Any CPU
		{689BB56D-AD70-4F43-A0C3-BACE4B98CE11}.Release|x64.ActiveCfg = Release|Any CPU
		{689BB56D-AD70-4F43-A0C3-BACE4B98CE11}.Release|x64.Build.0 = Release|Any CPU
		{689BB56D-AD70-4F43-A0C3-BACE4B98CE11}.Release|x86.ActiveCfg = Release|Any CPU
		{689BB56D-AD70-4F43-A0C3-BACE4B98CE11}.Release|x86.Build.0 = Release|Any CPU
	EndGlobalSection
	GlobalSection(SolutionProperties) = preSolution
		HideSolutionNode = FALSE
	EndGlobalSection
	GlobalSection(ExtensibilityGlobals) = postSolution
		SolutionGuid = {3B4AA176-B9A8-44FB-8B7B-552F23494898}
	EndGlobalSection
EndGlobal
